// !$*UTF8*$!
{
	archiveVersion = 1;
	classes = {
	};
	objectVersion = 46;
	objects = {

/* Begin PBXBuildFile section */
		B6063A0A1E73C57B00A05187 /* LeftSlider.m in Sources */ = {isa = PBXBuildFile; fileRef = B6063A081E73C57A00A05187 /* LeftSlider.m */; };
		B6063A0B1E73C57B00A05187 /* LeftSlider.xib in Resources */ = {isa = PBXBuildFile; fileRef = B6063A091E73C57A00A05187 /* LeftSlider.xib */; };
		B6063A0D1E73CF1600A05187 /* UIKit.framework in Frameworks */ = {isa = PBXBuildFile; fileRef = B6063A0C1E73CF1600A05187 /* UIKit.framework */; };
		B6063A0F1E73CF3200A05187 /* Foundation.framework in Frameworks */ = {isa = PBXBuildFile; fileRef = B6063A0E1E73CF3200A05187 /* Foundation.framework */; };
		B6063A111E73CF7300A05187 /* CoreGraphics.framework in Frameworks */ = {isa = PBXBuildFile; fileRef = B6063A101E73CF7300A05187 /* CoreGraphics.framework */; };
		B6063A121E73D19F00A05187 /* Constant.m in Sources */ = {isa = PBXBuildFile; fileRef = B67962D41E61E25A00FCF6EF /* Constant.m */; };
		B655327B1E614DF70002A71D /* main.m in Sources */ = {isa = PBXBuildFile; fileRef = B655327A1E614DF70002A71D /* main.m */; };
		B655327E1E614DF70002A71D /* AppDelegate.m in Sources */ = {isa = PBXBuildFile; fileRef = B655327D1E614DF70002A71D /* AppDelegate.m */; };
		B65532861E614DF70002A71D /* Assets.xcassets in Resources */ = {isa = PBXBuildFile; fileRef = B65532851E614DF70002A71D /* Assets.xcassets */; };
		B65532891E614DF70002A71D /* LaunchScreen.storyboard in Resources */ = {isa = PBXBuildFile; fileRef = B65532871E614DF70002A71D /* LaunchScreen.storyboard */; };
		B67962C41E615B8400FCF6EF /* HomeViewController.m in Sources */ = {isa = PBXBuildFile; fileRef = B67962C21E615B8400FCF6EF /* HomeViewController.m */; };
		B67962C51E615B8400FCF6EF /* HomeViewController.xib in Resources */ = {isa = PBXBuildFile; fileRef = B67962C31E615B8400FCF6EF /* HomeViewController.xib */; };
		B67962CB1E61DBF200FCF6EF /* WebServiceController.m in Sources */ = {isa = PBXBuildFile; fileRef = B67962CA1E61DBF200FCF6EF /* WebServiceController.m */; };
		B67962CF1E61DFEF00FCF6EF /* CustomActivityIndicatorView.m in Sources */ = {isa = PBXBuildFile; fileRef = B67962CE1E61DFEF00FCF6EF /* CustomActivityIndicatorView.m */; };
		B67962D21E61E1D500FCF6EF /* UIColor+commonColor.m in Sources */ = {isa = PBXBuildFile; fileRef = B67962D11E61E1D500FCF6EF /* UIColor+commonColor.m */; };
		B67962D81E61E6FB00FCF6EF /* ActionBar.m in Sources */ = {isa = PBXBuildFile; fileRef = B67962D71E61E6FB00FCF6EF /* ActionBar.m */; };
		B67962DA1E61E72B00FCF6EF /* ActionBar.xib in Resources */ = {isa = PBXBuildFile; fileRef = B67962D91E61E72B00FCF6EF /* ActionBar.xib */; };
		B67962DE1E61ECB400FCF6EF /* HomeMenuCell.m in Sources */ = {isa = PBXBuildFile; fileRef = B67962DC1E61ECB400FCF6EF /* HomeMenuCell.m */; };
		B67962DF1E61ECB400FCF6EF /* HomeMenuCell.xib in Resources */ = {isa = PBXBuildFile; fileRef = B67962DD1E61ECB400FCF6EF /* HomeMenuCell.xib */; };
		D1A788BD2A452C4576E5BDCC /* libPods-MyTyles.a in Frameworks */ = {isa = PBXBuildFile; fileRef = D2FC36915ED0934C04F93B33 /* libPods-MyTyles.a */; };
/* End PBXBuildFile section */

/* Begin PBXFileReference section */
		111F9F2BB6CFC58E1EB90DDA /* Pods-MyTyles.debug.xcconfig */ = {isa = PBXFileReference; includeInIndex = 1; lastKnownFileType = text.xcconfig; name = "Pods-MyTyles.debug.xcconfig"; path = "Pods/Target Support Files/Pods-MyTyles/Pods-MyTyles.debug.xcconfig"; sourceTree = "<group>"; };
		B6063A071E73C57A00A05187 /* LeftSlider.h */ = {isa = PBXFileReference; fileEncoding = 4; lastKnownFileType = sourcecode.c.h; name = LeftSlider.h; path = "Left Slider/LeftSlider.h"; sourceTree = "<group>"; };
		B6063A081E73C57A00A05187 /* LeftSlider.m */ = {isa = PBXFileReference; fileEncoding = 4; lastKnownFileType = sourcecode.c.objc; name = LeftSlider.m; path = "Left Slider/LeftSlider.m"; sourceTree = "<group>"; };
		B6063A091E73C57A00A05187 /* LeftSlider.xib */ = {isa = PBXFileReference; fileEncoding = 4; lastKnownFileType = file.xib; name = LeftSlider.xib; path = "Left Slider/LeftSlider.xib"; sourceTree = "<group>"; };
		B6063A0C1E73CF1600A05187 /* UIKit.framework */ = {isa = PBXFileReference; lastKnownFileType = wrapper.framework; name = UIKit.framework; path = System/Library/Frameworks/UIKit.framework; sourceTree = SDKROOT; };
		B6063A0E1E73CF3200A05187 /* Foundation.framework */ = {isa = PBXFileReference; lastKnownFileType = wrapper.framework; name = Foundation.framework; path = System/Library/Frameworks/Foundation.framework; sourceTree = SDKROOT; };
		B6063A101E73CF7300A05187 /* CoreGraphics.framework */ = {isa = PBXFileReference; lastKnownFileType = wrapper.framework; name = CoreGraphics.framework; path = System/Library/Frameworks/CoreGraphics.framework; sourceTree = SDKROOT; };
		B6063A131E73D9BF00A05187 /* Header.pch */ = {isa = PBXFileReference; lastKnownFileType = sourcecode.c.h; path = Header.pch; sourceTree = "<group>"; };
		B65532761E614DF70002A71D /* MyTyles.app */ = {isa = PBXFileReference; explicitFileType = wrapper.application; includeInIndex = 0; path = MyTyles.app; sourceTree = BUILT_PRODUCTS_DIR; };
		B655327A1E614DF70002A71D /* main.m */ = {isa = PBXFileReference; lastKnownFileType = sourcecode.c.objc; path = main.m; sourceTree = "<group>"; };
		B655327C1E614DF70002A71D /* AppDelegate.h */ = {isa = PBXFileReference; lastKnownFileType = sourcecode.c.h; path = AppDelegate.h; sourceTree = "<group>"; };
		B655327D1E614DF70002A71D /* AppDelegate.m */ = {isa = PBXFileReference; lastKnownFileType = sourcecode.c.objc; path = AppDelegate.m; sourceTree = "<group>"; };
		B65532851E614DF70002A71D /* Assets.xcassets */ = {isa = PBXFileReference; lastKnownFileType = folder.assetcatalog; path = Assets.xcassets; sourceTree = "<group>"; };
		B65532881E614DF70002A71D /* Base */ = {isa = PBXFileReference; lastKnownFileType = file.storyboard; name = Base; path = Base.lproj/LaunchScreen.storyboard; sourceTree = "<group>"; };
		B655328A1E614DF70002A71D /* Info.plist */ = {isa = PBXFileReference; lastKnownFileType = text.plist.xml; path = Info.plist; sourceTree = "<group>"; };
		B67962C11E615B8400FCF6EF /* HomeViewController.h */ = {isa = PBXFileReference; fileEncoding = 4; lastKnownFileType = sourcecode.c.h; name = HomeViewController.h; path = HomeScreen/HomeViewController.h; sourceTree = "<group>"; };
		B67962C21E615B8400FCF6EF /* HomeViewController.m */ = {isa = PBXFileReference; fileEncoding = 4; lastKnownFileType = sourcecode.c.objc; name = HomeViewController.m; path = HomeScreen/HomeViewController.m; sourceTree = "<group>"; };
		B67962C31E615B8400FCF6EF /* HomeViewController.xib */ = {isa = PBXFileReference; fileEncoding = 4; lastKnownFileType = file.xib; name = HomeViewController.xib; path = HomeScreen/HomeViewController.xib; sourceTree = "<group>"; };
		B67962C91E61DBF200FCF6EF /* WebServiceController.h */ = {isa = PBXFileReference; fileEncoding = 4; lastKnownFileType = sourcecode.c.h; name = WebServiceController.h; path = Networking/WebServiceController.h; sourceTree = "<group>"; };
		B67962CA1E61DBF200FCF6EF /* WebServiceController.m */ = {isa = PBXFileReference; fileEncoding = 4; lastKnownFileType = sourcecode.c.objc; name = WebServiceController.m; path = Networking/WebServiceController.m; sourceTree = "<group>"; };
		B67962CD1E61DFEF00FCF6EF /* CustomActivityIndicatorView.h */ = {isa = PBXFileReference; fileEncoding = 4; lastKnownFileType = sourcecode.c.h; name = CustomActivityIndicatorView.h; path = Custom/CustomActivityIndicatorView.h; sourceTree = "<group>"; };
		B67962CE1E61DFEF00FCF6EF /* CustomActivityIndicatorView.m */ = {isa = PBXFileReference; fileEncoding = 4; lastKnownFileType = sourcecode.c.objc; name = CustomActivityIndicatorView.m; path = Custom/CustomActivityIndicatorView.m; sourceTree = "<group>"; };
		B67962D01E61E1D500FCF6EF /* UIColor+commonColor.h */ = {isa = PBXFileReference; fileEncoding = 4; lastKnownFileType = sourcecode.c.h; name = "UIColor+commonColor.h"; path = "Custom/UIColor+commonColor.h"; sourceTree = "<group>"; };
		B67962D11E61E1D500FCF6EF /* UIColor+commonColor.m */ = {isa = PBXFileReference; fileEncoding = 4; lastKnownFileType = sourcecode.c.objc; name = "UIColor+commonColor.m"; path = "Custom/UIColor+commonColor.m"; sourceTree = "<group>"; };
		B67962D31E61E25A00FCF6EF /* Constant.h */ = {isa = PBXFileReference; fileEncoding = 4; lastKnownFileType = sourcecode.c.h; name = Constant.h; path = Utils/Constant.h; sourceTree = "<group>"; };
		B67962D41E61E25A00FCF6EF /* Constant.m */ = {isa = PBXFileReference; fileEncoding = 4; lastKnownFileType = sourcecode.c.objc; name = Constant.m; path = Utils/Constant.m; sourceTree = "<group>"; };
		B67962D61E61E6FB00FCF6EF /* ActionBar.h */ = {isa = PBXFileReference; fileEncoding = 4; lastKnownFileType = sourcecode.c.h; name = ActionBar.h; path = ActionBar/ActionBar.h; sourceTree = "<group>"; };
		B67962D71E61E6FB00FCF6EF /* ActionBar.m */ = {isa = PBXFileReference; fileEncoding = 4; lastKnownFileType = sourcecode.c.objc; name = ActionBar.m; path = ActionBar/ActionBar.m; sourceTree = "<group>"; };
		B67962D91E61E72B00FCF6EF /* ActionBar.xib */ = {isa = PBXFileReference; fileEncoding = 4; lastKnownFileType = file.xib; name = ActionBar.xib; path = ActionBar/ActionBar.xib; sourceTree = "<group>"; };
		B67962DB1E61ECB400FCF6EF /* HomeMenuCell.h */ = {isa = PBXFileReference; fileEncoding = 4; lastKnownFileType = sourcecode.c.h; name = HomeMenuCell.h; path = HomeScreen/HomeMenuCell.h; sourceTree = "<group>"; };
		B67962DC1E61ECB400FCF6EF /* HomeMenuCell.m */ = {isa = PBXFileReference; fileEncoding = 4; lastKnownFileType = sourcecode.c.objc; name = HomeMenuCell.m; path = HomeScreen/HomeMenuCell.m; sourceTree = "<group>"; };
		B67962DD1E61ECB400FCF6EF /* HomeMenuCell.xib */ = {isa = PBXFileReference; fileEncoding = 4; lastKnownFileType = file.xib; name = HomeMenuCell.xib; path = HomeScreen/HomeMenuCell.xib; sourceTree = "<group>"; };
		C1D5AF0AC1AEEB4EAE8C1A29 /* Pods-MyTyles.release.xcconfig */ = {isa = PBXFileReference; includeInIndex = 1; lastKnownFileType = text.xcconfig; name = "Pods-MyTyles.release.xcconfig"; path = "Pods/Target Support Files/Pods-MyTyles/Pods-MyTyles.release.xcconfig"; sourceTree = "<group>"; };
		D2FC36915ED0934C04F93B33 /* libPods-MyTyles.a */ = {isa = PBXFileReference; explicitFileType = archive.ar; includeInIndex = 0; path = "libPods-MyTyles.a"; sourceTree = BUILT_PRODUCTS_DIR; };
/* End PBXFileReference section */

/* Begin PBXFrameworksBuildPhase section */
		B65532731E614DF70002A71D /* Frameworks */ = {
			isa = PBXFrameworksBuildPhase;
			buildActionMask = 2147483647;
			files = (
				B6063A111E73CF7300A05187 /* CoreGraphics.framework in Frameworks */,
				B6063A0F1E73CF3200A05187 /* Foundation.framework in Frameworks */,
				B6063A0D1E73CF1600A05187 /* UIKit.framework in Frameworks */,
				D1A788BD2A452C4576E5BDCC /* libPods-MyTyles.a in Frameworks */,
			);
			runOnlyForDeploymentPostprocessing = 0;
		};
/* End PBXFrameworksBuildPhase section */

/* Begin PBXGroup section */
		34B205379AB833665C39B457 /* Frameworks */ = {
			isa = PBXGroup;
			children = (
				B6063A101E73CF7300A05187 /* CoreGraphics.framework */,
				B6063A0E1E73CF3200A05187 /* Foundation.framework */,
				B6063A0C1E73CF1600A05187 /* UIKit.framework */,
				D2FC36915ED0934C04F93B33 /* libPods-MyTyles.a */,
			);
			name = Frameworks;
			sourceTree = "<group>";
		};
		B6063A061E73C53900A05187 /* Left Slider */ = {
			isa = PBXGroup;
			children = (
				B6063A071E73C57A00A05187 /* LeftSlider.h */,
				B6063A081E73C57A00A05187 /* LeftSlider.m */,
				B6063A091E73C57A00A05187 /* LeftSlider.xib */,
			);
			name = "Left Slider";
			sourceTree = "<group>";
		};
		B655326D1E614DF70002A71D = {
			isa = PBXGroup;
			children = (
				B65532781E614DF70002A71D /* MyTyles */,
				B65532771E614DF70002A71D /* Products */,
				DC2685C4FAF67748530DEA7D /* Pods */,
				34B205379AB833665C39B457 /* Frameworks */,
			);
			sourceTree = "<group>";
		};
		B65532771E614DF70002A71D /* Products */ = {
			isa = PBXGroup;
			children = (
				B65532761E614DF70002A71D /* MyTyles.app */,
			);
			name = Products;
			sourceTree = "<group>";
		};
		B65532781E614DF70002A71D /* MyTyles */ = {
			isa = PBXGroup;
			children = (
				B6063A061E73C53900A05187 /* Left Slider */,
				B67962C61E61DA6200FCF6EF /* ActionBar */,
				B67962CC1E61DE1000FCF6EF /* Custom */,
				B67962C71E61DA6D00FCF6EF /* Networking */,
				B67962C81E61DA8C00FCF6EF /* Utils */,
				B67962C01E615B4E00FCF6EF /* HomeScreen */,
				B655327C1E614DF70002A71D /* AppDelegate.h */,
				B655327D1E614DF70002A71D /* AppDelegate.m */,
				B65532851E614DF70002A71D /* Assets.xcassets */,
				B65532871E614DF70002A71D /* LaunchScreen.storyboard */,
				B655328A1E614DF70002A71D /* Info.plist */,
				B65532791E614DF70002A71D /* Supporting Files */,
			);
			path = MyTyles;
			sourceTree = "<group>";
		};
		B65532791E614DF70002A71D /* Supporting Files */ = {
			isa = PBXGroup;
			children = (
				B655327A1E614DF70002A71D /* main.m */,
				B6063A131E73D9BF00A05187 /* Header.pch */,
			);
			name = "Supporting Files";
			sourceTree = "<group>";
		};
		B67962C01E615B4E00FCF6EF /* HomeScreen */ = {
			isa = PBXGroup;
			children = (
				B67962C11E615B8400FCF6EF /* HomeViewController.h */,
				B67962C21E615B8400FCF6EF /* HomeViewController.m */,
				B67962C31E615B8400FCF6EF /* HomeViewController.xib */,
				B67962DB1E61ECB400FCF6EF /* HomeMenuCell.h */,
				B67962DC1E61ECB400FCF6EF /* HomeMenuCell.m */,
				B67962DD1E61ECB400FCF6EF /* HomeMenuCell.xib */,
			);
			name = HomeScreen;
			sourceTree = "<group>";
		};
		B67962C61E61DA6200FCF6EF /* ActionBar */ = {
			isa = PBXGroup;
			children = (
				B67962D61E61E6FB00FCF6EF /* ActionBar.h */,
				B67962D71E61E6FB00FCF6EF /* ActionBar.m */,
				B67962D91E61E72B00FCF6EF /* ActionBar.xib */,
			);
			name = ActionBar;
			sourceTree = "<group>";
		};
		B67962C71E61DA6D00FCF6EF /* Networking */ = {
			isa = PBXGroup;
			children = (
				B67962C91E61DBF200FCF6EF /* WebServiceController.h */,
				B67962CA1E61DBF200FCF6EF /* WebServiceController.m */,
			);
			name = Networking;
			sourceTree = "<group>";
		};
		B67962C81E61DA8C00FCF6EF /* Utils */ = {
			isa = PBXGroup;
			children = (
				B67962D31E61E25A00FCF6EF /* Constant.h */,
				B67962D41E61E25A00FCF6EF /* Constant.m */,
			);
			name = Utils;
			sourceTree = "<group>";
		};
		B67962CC1E61DE1000FCF6EF /* Custom */ = {
			isa = PBXGroup;
			children = (
				B67962CD1E61DFEF00FCF6EF /* CustomActivityIndicatorView.h */,
				B67962CE1E61DFEF00FCF6EF /* CustomActivityIndicatorView.m */,
				B67962D01E61E1D500FCF6EF /* UIColor+commonColor.h */,
				B67962D11E61E1D500FCF6EF /* UIColor+commonColor.m */,
			);
			name = Custom;
			sourceTree = "<group>";
		};
		DC2685C4FAF67748530DEA7D /* Pods */ = {
			isa = PBXGroup;
			children = (
				111F9F2BB6CFC58E1EB90DDA /* Pods-MyTyles.debug.xcconfig */,
				C1D5AF0AC1AEEB4EAE8C1A29 /* Pods-MyTyles.release.xcconfig */,
			);
			name = Pods;
			sourceTree = "<group>";
		};
/* End PBXGroup section */

/* Begin PBXNativeTarget section */
		B65532751E614DF70002A71D /* MyTyles */ = {
			isa = PBXNativeTarget;
			buildConfigurationList = B655328D1E614DF70002A71D /* Build configuration list for PBXNativeTarget "MyTyles" */;
			buildPhases = (
				E28A2FF5AA4D1EEC266809FD /* [CP] Check Pods Manifest.lock */,
				B65532721E614DF70002A71D /* Sources */,
				B65532731E614DF70002A71D /* Frameworks */,
				B65532741E614DF70002A71D /* Resources */,
				FCE644D9425CD8BAB9484584 /* [CP] Embed Pods Frameworks */,
				9E42742EEB57CE63B7BA73BC /* [CP] Copy Pods Resources */,
			);
			buildRules = (
			);
			dependencies = (
			);
			name = MyTyles;
			productName = MyTyles;
			productReference = B65532761E614DF70002A71D /* MyTyles.app */;
			productType = "com.apple.product-type.application";
		};
/* End PBXNativeTarget section */

/* Begin PBXProject section */
		B655326E1E614DF70002A71D /* Project object */ = {
			isa = PBXProject;
			attributes = {
				LastUpgradeCheck = 0820;
				ORGANIZATIONNAME = MyTyles;
				TargetAttributes = {
					B65532751E614DF70002A71D = {
						CreatedOnToolsVersion = 8.2.1;
						ProvisioningStyle = Automatic;
					};
				};
			};
			buildConfigurationList = B65532711E614DF70002A71D /* Build configuration list for PBXProject "MyTyles" */;
			compatibilityVersion = "Xcode 3.2";
			developmentRegion = English;
			hasScannedForEncodings = 0;
			knownRegions = (
				en,
				Base,
			);
			mainGroup = B655326D1E614DF70002A71D;
			productRefGroup = B65532771E614DF70002A71D /* Products */;
			projectDirPath = "";
			projectRoot = "";
			targets = (
				B65532751E614DF70002A71D /* MyTyles */,
			);
		};
/* End PBXProject section */

/* Begin PBXResourcesBuildPhase section */
		B65532741E614DF70002A71D /* Resources */ = {
			isa = PBXResourcesBuildPhase;
			buildActionMask = 2147483647;
			files = (
				B67962DF1E61ECB400FCF6EF /* HomeMenuCell.xib in Resources */,
				B65532891E614DF70002A71D /* LaunchScreen.storyboard in Resources */,
				B67962DA1E61E72B00FCF6EF /* ActionBar.xib in Resources */,
				B65532861E614DF70002A71D /* Assets.xcassets in Resources */,
				B67962C51E615B8400FCF6EF /* HomeViewController.xib in Resources */,
				B6063A0B1E73C57B00A05187 /* LeftSlider.xib in Resources */,
			);
			runOnlyForDeploymentPostprocessing = 0;
		};
/* End PBXResourcesBuildPhase section */

/* Begin PBXShellScriptBuildPhase section */
		9E42742EEB57CE63B7BA73BC /* [CP] Copy Pods Resources */ = {
			isa = PBXShellScriptBuildPhase;
			buildActionMask = 2147483647;
			files = (
			);
			inputPaths = (
			);
			name = "[CP] Copy Pods Resources";
			outputPaths = (
			);
			runOnlyForDeploymentPostprocessing = 0;
			shellPath = /bin/sh;
			shellScript = "\"${SRCROOT}/Pods/Target Support Files/Pods-MyTyles/Pods-MyTyles-resources.sh\"\n";
			showEnvVarsInLog = 0;
		};
		E28A2FF5AA4D1EEC266809FD /* [CP] Check Pods Manifest.lock */ = {
			isa = PBXShellScriptBuildPhase;
			buildActionMask = 2147483647;
			files = (
			);
			inputPaths = (
			);
			name = "[CP] Check Pods Manifest.lock";
			outputPaths = (
			);
			runOnlyForDeploymentPostprocessing = 0;
			shellPath = /bin/sh;
			shellScript = "diff \"${PODS_ROOT}/../Podfile.lock\" \"${PODS_ROOT}/Manifest.lock\" > /dev/null\nif [ $? != 0 ] ; then\n    # print error to STDERR\n    echo \"error: The sandbox is not in sync with the Podfile.lock. Run 'pod install' or update your CocoaPods installation.\" >&2\n    exit 1\nfi\n";
			showEnvVarsInLog = 0;
		};
		FCE644D9425CD8BAB9484584 /* [CP] Embed Pods Frameworks */ = {
			isa = PBXShellScriptBuildPhase;
			buildActionMask = 2147483647;
			files = (
			);
			inputPaths = (
			);
			name = "[CP] Embed Pods Frameworks";
			outputPaths = (
			);
			runOnlyForDeploymentPostprocessing = 0;
			shellPath = /bin/sh;
			shellScript = "\"${SRCROOT}/Pods/Target Support Files/Pods-MyTyles/Pods-MyTyles-frameworks.sh\"\n";
			showEnvVarsInLog = 0;
		};
/* End PBXShellScriptBuildPhase section */

/* Begin PBXSourcesBuildPhase section */
		B65532721E614DF70002A71D /* Sources */ = {
			isa = PBXSourcesBuildPhase;
			buildActionMask = 2147483647;
			files = (
				B655327B1E614DF70002A71D /* main.m in Sources */,
				B655327E1E614DF70002A71D /* AppDelegate.m in Sources */,
				B67962C41E615B8400FCF6EF /* HomeViewController.m in Sources */,
				B6063A0A1E73C57B00A05187 /* LeftSlider.m in Sources */,
				B6063A121E73D19F00A05187 /* Constant.m in Sources */,
				B67962D21E61E1D500FCF6EF /* UIColor+commonColor.m in Sources */,
				B67962D81E61E6FB00FCF6EF /* ActionBar.m in Sources */,
				B67962CB1E61DBF200FCF6EF /* WebServiceController.m in Sources */,
				B67962CF1E61DFEF00FCF6EF /* CustomActivityIndicatorView.m in Sources */,
				B67962DE1E61ECB400FCF6EF /* HomeMenuCell.m in Sources */,
			);
			runOnlyForDeploymentPostprocessing = 0;
		};
/* End PBXSourcesBuildPhase section */

/* Begin PBXVariantGroup section */
		B65532871E614DF70002A71D /* LaunchScreen.storyboard */ = {
			isa = PBXVariantGroup;
			children = (
				B65532881E614DF70002A71D /* Base */,
			);
			name = LaunchScreen.storyboard;
			sourceTree = "<group>";
		};
/* End PBXVariantGroup section */

/* Begin XCBuildConfiguration section */
		B655328B1E614DF70002A71D /* Debug */ = {
			isa = XCBuildConfiguration;
			buildSettings = {
				ALWAYS_SEARCH_USER_PATHS = NO;
				CLANG_ANALYZER_NONNULL = YES;
				CLANG_CXX_LANGUAGE_STANDARD = "gnu++0x";
				CLANG_CXX_LIBRARY = "libc++";
				CLANG_ENABLE_MODULES = YES;
				CLANG_ENABLE_OBJC_ARC = YES;
				CLANG_WARN_BOOL_CONVERSION = YES;
				CLANG_WARN_CONSTANT_CONVERSION = YES;
				CLANG_WARN_DIRECT_OBJC_ISA_USAGE = YES_ERROR;
				CLANG_WARN_DOCUMENTATION_COMMENTS = YES;
				CLANG_WARN_EMPTY_BODY = YES;
				CLANG_WARN_ENUM_CONVERSION = YES;
				CLANG_WARN_INFINITE_RECURSION = YES;
				CLANG_WARN_INT_CONVERSION = YES;
				CLANG_WARN_OBJC_ROOT_CLASS = YES_ERROR;
				CLANG_WARN_SUSPICIOUS_MOVE = YES;
				CLANG_WARN_UNREACHABLE_CODE = YES;
				CLANG_WARN__DUPLICATE_METHOD_MATCH = YES;
				"CODE_SIGN_IDENTITY[sdk=iphoneos*]" = "iPhone Developer";
				COPY_PHASE_STRIP = NO;
				DEBUG_INFORMATION_FORMAT = dwarf;
				ENABLE_STRICT_OBJC_MSGSEND = YES;
				ENABLE_TESTABILITY = YES;
				GCC_C_LANGUAGE_STANDARD = gnu99;
				GCC_DYNAMIC_NO_PIC = NO;
				GCC_NO_COMMON_BLOCKS = YES;
				GCC_OPTIMIZATION_LEVEL = 0;
				GCC_PREPROCESSOR_DEFINITIONS = (
					"DEBUG=1",
					"$(inherited)",
				);
				GCC_WARN_64_TO_32_BIT_CONVERSION = YES;
				GCC_WARN_ABOUT_RETURN_TYPE = YES_ERROR;
				GCC_WARN_UNDECLARED_SELECTOR = YES;
				GCC_WARN_UNINITIALIZED_AUTOS = YES_AGGRESSIVE;
				GCC_WARN_UNUSED_FUNCTION = YES;
				GCC_WARN_UNUSED_VARIABLE = YES;
				IPHONEOS_DEPLOYMENT_TARGET = 10.2;
				MTL_ENABLE_DEBUG_INFO = YES;
				ONLY_ACTIVE_ARCH = YES;
				SDKROOT = iphoneos;
			};
			name = Debug;
		};
		B655328C1E614DF70002A71D /* Release */ = {
			isa = XCBuildConfiguration;
			buildSettings = {
				ALWAYS_SEARCH_USER_PATHS = NO;
				CLANG_ANALYZER_NONNULL = YES;
				CLANG_CXX_LANGUAGE_STANDARD = "gnu++0x";
				CLANG_CXX_LIBRARY = "libc++";
				CLANG_ENABLE_MODULES = YES;
				CLANG_ENABLE_OBJC_ARC = YES;
				CLANG_WARN_BOOL_CONVERSION = YES;
				CLANG_WARN_CONSTANT_CONVERSION = YES;
				CLANG_WARN_DIRECT_OBJC_ISA_USAGE = YES_ERROR;
				CLANG_WARN_DOCUMENTATION_COMMENTS = YES;
				CLANG_WARN_EMPTY_BODY = YES;
				CLANG_WARN_ENUM_CONVERSION = YES;
				CLANG_WARN_INFINITE_RECURSION = YES;
				CLANG_WARN_INT_CONVERSION = YES;
				CLANG_WARN_OBJC_ROOT_CLASS = YES_ERROR;
				CLANG_WARN_SUSPICIOUS_MOVE = YES;
				CLANG_WARN_UNREACHABLE_CODE = YES;
				CLANG_WARN__DUPLICATE_METHOD_MATCH = YES;
				"CODE_SIGN_IDENTITY[sdk=iphoneos*]" = "iPhone Developer";
				COPY_PHASE_STRIP = NO;
				DEBUG_INFORMATION_FORMAT = "dwarf-with-dsym";
				ENABLE_NS_ASSERTIONS = NO;
				ENABLE_STRICT_OBJC_MSGSEND = YES;
				GCC_C_LANGUAGE_STANDARD = gnu99;
				GCC_NO_COMMON_BLOCKS = YES;
				GCC_WARN_64_TO_32_BIT_CONVERSION = YES;
				GCC_WARN_ABOUT_RETURN_TYPE = YES_ERROR;
				GCC_WARN_UNDECLARED_SELECTOR = YES;
				GCC_WARN_UNINITIALIZED_AUTOS = YES_AGGRESSIVE;
				GCC_WARN_UNUSED_FUNCTION = YES;
				GCC_WARN_UNUSED_VARIABLE = YES;
				IPHONEOS_DEPLOYMENT_TARGET = 10.2;
				MTL_ENABLE_DEBUG_INFO = NO;
				SDKROOT = iphoneos;
				VALIDATE_PRODUCT = YES;
			};
			name = Release;
		};
		B655328E1E614DF70002A71D /* Debug */ = {
			isa = XCBuildConfiguration;
			baseConfigurationReference = 111F9F2BB6CFC58E1EB90DDA /* Pods-MyTyles.debug.xcconfig */;
			buildSettings = {
				ASSETCATALOG_COMPILER_APPICON_NAME = AppIcon;
				ASSETCATALOG_COMPILER_LAUNCHIMAGE_NAME = LaunchImage;
				GCC_PRECOMPILE_PREFIX_HEADER = YES;
				GCC_PREFIX_HEADER = MyTyles/Header.pch;
				INFOPLIST_FILE = MyTyles/Info.plist;
				LD_RUNPATH_SEARCH_PATHS = "$(inherited) @executable_path/Frameworks";
				PRODUCT_BUNDLE_IDENTIFIER = com.mytyles.MyTyles;
				PRODUCT_NAME = "$(TARGET_NAME)";
			};
			name = Debug;
		};
		B655328F1E614DF70002A71D /* Release */ = {
			isa = XCBuildConfiguration;
			baseConfigurationReference = C1D5AF0AC1AEEB4EAE8C1A29 /* Pods-MyTyles.release.xcconfig */;
			buildSettings = {
				ASSETCATALOG_COMPILER_APPICON_NAME = AppIcon;
				ASSETCATALOG_COMPILER_LAUNCHIMAGE_NAME = LaunchImage;
				GCC_PRECOMPILE_PREFIX_HEADER = YES;
				GCC_PREFIX_HEADER = MyTyles/Header.pch;
				INFOPLIST_FILE = MyTyles/Info.plist;
				LD_RUNPATH_SEARCH_PATHS = "$(inherited) @executable_path/Frameworks";
				PRODUCT_BUNDLE_IDENTIFIER = com.mytyles.MyTyles;
				PRODUCT_NAME = "$(TARGET_NAME)";
			};
			name = Release;
		};
/* End XCBuildConfiguration section */

/* Begin XCConfigurationList section */
		B65532711E614DF70002A71D /* Build configuration list for PBXProject "MyTyles" */ = {
			isa = XCConfigurationList;
			buildConfigurations = (
				B655328B1E614DF70002A71D /* Debug */,
				B655328C1E614DF70002A71D /* Release */,
			);
			defaultConfigurationIsVisible = 0;
			defaultConfigurationName = Release;
		};
		B655328D1E614DF70002A71D /* Build configuration list for PBXNativeTarget "MyTyles" */ = {
			isa = XCConfigurationList;
			buildConfigurations = (
				B655328E1E614DF70002A71D /* Debug */,
				B655328F1E614DF70002A71D /* Release */,
			);
			defaultConfigurationIsVisible = 0;
			defaultConfigurationName = Release;
		};
/* End XCConfigurationList section */
	};
	rootObject = B655326E1E614DF70002A71D /* Project object */;
}
